<?xml version="1.0" encoding="utf-8"?>
<Project ToolsVersion="4.0" xmlns="http://schemas.microsoft.com/developer/msbuild/2003">
  <ItemGroup>
    <Filter Include="Source Files">
      <UniqueIdentifier>{4FC737F1-C7A5-4376-A066-2A32D752A2FF}</UniqueIdentifier>
      <Extensions>cpp;c;cc;cxx;def;odl;idl;hpj;bat;asm;asmx</Extensions>
    </Filter>
    <Filter Include="Header Files">
      <UniqueIdentifier>{93995380-89BD-4b04-88EB-625FBE52EBFB}</UniqueIdentifier>
      <Extensions>h;hh;hpp;hxx;hm;inl;inc;ipp;xsd</Extensions>
    </Filter>
    <Filter Include="Resource Files">
      <UniqueIdentifier>{67DA6AB6-F800-4c08-8B7A-83BB121AAD01}</UniqueIdentifier>
      <Extensions>rc;ico;cur;bmp;dlg;rc2;rct;bin;rgs;gif;jpg;jpeg;jpe;resx;tiff;tif;png;wav;mfcribbon-ms</Extensions>
    </Filter>
    <Filter Include="Header Files\Space/Space Subclasses">
      <UniqueIdentifier>{0064a1ad-cc35-4b98-9af1-3e2cf52cdd13}</UniqueIdentifier>
    </Filter>
    <Filter Include="Source Files\Space/Space Subclasses">
      <UniqueIdentifier>{f6e388d5-938c-4abd-9579-be283c4f61a6}</UniqueIdentifier>
    </Filter>
  </ItemGroup>
  <ItemGroup>
    <ClInclude Include="EmptyRoom.hpp">
      <Filter>Header Files\Space/Space Subclasses</Filter>
    </ClInclude>
    <ClInclude Include="ExitRoom.hpp">
      <Filter>Header Files\Space/Space Subclasses</Filter>
    </ClInclude>
    <ClInclude Include="FreebieRoom.hpp">
      <Filter>Header Files\Space/Space Subclasses</Filter>
    </ClInclude>
    <ClInclude Include="BunnyCaveRoom.hpp">
      <Filter>Header Files\Space/Space Subclasses</Filter>
    </ClInclude>
    <ClInclude Include="QuizRoom.hpp">
      <Filter>Header Files\Space/Space Subclasses</Filter>
    </ClInclude>
    <ClInclude Include="Space.hpp">
      <Filter>Header Files\Space/Space Subclasses</Filter>
    </ClInclude>
    <ClInclude Include="helperFunctions.hpp">
      <Filter>Header Files</Filter>
    </ClInclude>
    <ClInclude Include="Object.hpp">
      <Filter>Header Files</Filter>
    </ClInclude>
    <ClInclude Include="Game.hpp">
      <Filter>Header Files</Filter>
    </ClInclude>
  </ItemGroup>
  <ItemGroup>
    <ClCompile Include="EmptyRoom.cpp">
      <Filter>Source Files\Space/Space Subclasses</Filter>
    </ClCompile>
    <ClCompile Include="ExitRoom.cpp">
      <Filter>Source Files\Space/Space Subclasses</Filter>
    </ClCompile>
    <ClCompile Include="FreebieRoom.cpp">
      <Filter>Source Files\Space/Space Subclasses</Filter>
    </ClCompile>
    <ClCompile Include="BunnyCaveRoom.cpp">
      <Filter>Source Files\Space/Space Subclasses</Filter>
    </ClCompile>
    <ClCompile Include="QuizRoom.cpp">
      <Filter>Source Files\Space/Space Subclasses</Filter>
    </ClCompile>
    <ClCompile Include="Space.cpp">
      <Filter>Source Files\Space/Space Subclasses</Filter>
    </ClCompile>
    <ClCompile Include="helperFunctions.cpp">
      <Filter>Source Files</Filter>
    </ClCompile>
    <ClCompile Include="Object.cpp">
      <Filter>Source Files</Filter>
    </ClCompile>
    <ClCompile Include="MontyPythonEscapeMain.cpp">
      <Filter>Source Files</Filter>
    </ClCompile>
    <ClCompile Include="Game.cpp">
      <Filter>Source Files</Filter>
    </ClCompile>
  </ItemGroup>
</Project>